// !$*UTF8*$!
{
	archiveVersion = 1;
	classes = {
	};
	objectVersion = 55;
	objects = {

/* Begin PBXBuildFile section */
		0101E4912AA499CF00E29120 /* RacetijdenApp.swift in Sources */ = {isa = PBXBuildFile; fileRef = 0101E4812AA499CA00E29120 /* RacetijdenApp.swift */; };
		0101E4922AA499CF00E29120 /* RacetijdenApp.swift in Sources */ = {isa = PBXBuildFile; fileRef = 0101E4812AA499CA00E29120 /* RacetijdenApp.swift */; };
		0101E4932AA499CF00E29120 /* HomeView.swift in Sources */ = {isa = PBXBuildFile; fileRef = 0101E4822AA499CA00E29120 /* HomeView.swift */; };
		0101E4942AA499CF00E29120 /* HomeView.swift in Sources */ = {isa = PBXBuildFile; fileRef = 0101E4822AA499CA00E29120 /* HomeView.swift */; };
		0101E4952AA499CF00E29120 /* Assets.xcassets in Resources */ = {isa = PBXBuildFile; fileRef = 0101E4832AA499CF00E29120 /* Assets.xcassets */; };
		0101E4962AA499CF00E29120 /* Assets.xcassets in Resources */ = {isa = PBXBuildFile; fileRef = 0101E4832AA499CF00E29120 /* Assets.xcassets */; };
		0101E4A02AA4A42C00E29120 /* CircuitView.swift in Sources */ = {isa = PBXBuildFile; fileRef = 0101E49F2AA4A42C00E29120 /* CircuitView.swift */; };
		0101E4A12AA4A42C00E29120 /* CircuitView.swift in Sources */ = {isa = PBXBuildFile; fileRef = 0101E49F2AA4A42C00E29120 /* CircuitView.swift */; };
		019DB7A42AA4A90E0059C39A /* CircuitItemView.swift in Sources */ = {isa = PBXBuildFile; fileRef = 019DB7A32AA4A90E0059C39A /* CircuitItemView.swift */; };
		01B5C2722AA524D400FD4EBA /* api.swift in Sources */ = {isa = PBXBuildFile; fileRef = 01B5C2712AA524D400FD4EBA /* api.swift */; };
		01B5C2742AA52DBC00FD4EBA /* models.swift in Sources */ = {isa = PBXBuildFile; fileRef = 01B5C2732AA52DBC00FD4EBA /* models.swift */; };
		01EBEF672AA4F97B00E75039 /* WidgetKit.framework in Frameworks */ = {isa = PBXBuildFile; fileRef = 01EBEF662AA4F97B00E75039 /* WidgetKit.framework */; platformFilter = maccatalyst; };
		01EBEF692AA4F97B00E75039 /* SwiftUI.framework in Frameworks */ = {isa = PBXBuildFile; fileRef = 01EBEF682AA4F97B00E75039 /* SwiftUI.framework */; platformFilter = maccatalyst; };
		01EBEF6C2AA4F97B00E75039 /* LatestTime.swift in Sources */ = {isa = PBXBuildFile; fileRef = 01EBEF6B2AA4F97B00E75039 /* LatestTime.swift */; };
		01EBEF6E2AA4F98100E75039 /* Assets.xcassets in Resources */ = {isa = PBXBuildFile; fileRef = 01EBEF6D2AA4F98100E75039 /* Assets.xcassets */; };
		01EBEF722AA4F98100E75039 /* LatestTimeExtension.appex in Embed App Extensions */ = {isa = PBXBuildFile; fileRef = 01EBEF642AA4F97B00E75039 /* LatestTimeExtension.appex */; settings = {ATTRIBUTES = (RemoveHeadersOnCopy, ); }; };
/* End PBXBuildFile section */

/* Begin PBXContainerItemProxy section */
		01EBEF702AA4F98100E75039 /* PBXContainerItemProxy */ = {
			isa = PBXContainerItemProxy;
			containerPortal = 0101E47C2AA499CA00E29120 /* Project object */;
			proxyType = 1;
			remoteGlobalIDString = 01EBEF632AA4F97B00E75039;
			remoteInfo = LatestTimeExtension;
		};
/* End PBXContainerItemProxy section */

/* Begin PBXCopyFilesBuildPhase section */
		01EBEF732AA4F98100E75039 /* Embed App Extensions */ = {
			isa = PBXCopyFilesBuildPhase;
			buildActionMask = 2147483647;
			dstPath = "";
			dstSubfolderSpec = 13;
			files = (
				01EBEF722AA4F98100E75039 /* LatestTimeExtension.appex in Embed App Extensions */,
			);
			name = "Embed App Extensions";
			runOnlyForDeploymentPostprocessing = 0;
		};
/* End PBXCopyFilesBuildPhase section */

/* Begin PBXFileReference section */
		0101E4812AA499CA00E29120 /* RacetijdenApp.swift */ = {isa = PBXFileReference; lastKnownFileType = sourcecode.swift; path = RacetijdenApp.swift; sourceTree = "<group>"; };
		0101E4822AA499CA00E29120 /* HomeView.swift */ = {isa = PBXFileReference; lastKnownFileType = sourcecode.swift; path = HomeView.swift; sourceTree = "<group>"; };
		0101E4832AA499CF00E29120 /* Assets.xcassets */ = {isa = PBXFileReference; lastKnownFileType = folder.assetcatalog; path = Assets.xcassets; sourceTree = "<group>"; };
		0101E4882AA499CF00E29120 /* Racetijden.app */ = {isa = PBXFileReference; explicitFileType = wrapper.application; includeInIndex = 0; path = Racetijden.app; sourceTree = BUILT_PRODUCTS_DIR; };
		0101E48E2AA499CF00E29120 /* Racetijden.app */ = {isa = PBXFileReference; explicitFileType = wrapper.application; includeInIndex = 0; path = Racetijden.app; sourceTree = BUILT_PRODUCTS_DIR; };
		0101E4902AA499CF00E29120 /* macOS.entitlements */ = {isa = PBXFileReference; lastKnownFileType = text.plist.entitlements; path = macOS.entitlements; sourceTree = "<group>"; };
		0101E49F2AA4A42C00E29120 /* CircuitView.swift */ = {isa = PBXFileReference; lastKnownFileType = sourcecode.swift; path = CircuitView.swift; sourceTree = "<group>"; };
		019DB7A32AA4A90E0059C39A /* CircuitItemView.swift */ = {isa = PBXFileReference; lastKnownFileType = sourcecode.swift; path = CircuitItemView.swift; sourceTree = "<group>"; };
		01B5C2712AA524D400FD4EBA /* api.swift */ = {isa = PBXFileReference; lastKnownFileType = sourcecode.swift; path = api.swift; sourceTree = "<group>"; };
		01B5C2732AA52DBC00FD4EBA /* models.swift */ = {isa = PBXFileReference; lastKnownFileType = sourcecode.swift; path = models.swift; sourceTree = "<group>"; };
		01EBEF642AA4F97B00E75039 /* LatestTimeExtension.appex */ = {isa = PBXFileReference; explicitFileType = "wrapper.app-extension"; includeInIndex = 0; path = LatestTimeExtension.appex; sourceTree = BUILT_PRODUCTS_DIR; };
		01EBEF662AA4F97B00E75039 /* WidgetKit.framework */ = {isa = PBXFileReference; lastKnownFileType = wrapper.framework; name = WidgetKit.framework; path = System/Library/Frameworks/WidgetKit.framework; sourceTree = SDKROOT; };
		01EBEF682AA4F97B00E75039 /* SwiftUI.framework */ = {isa = PBXFileReference; lastKnownFileType = wrapper.framework; name = SwiftUI.framework; path = System/Library/Frameworks/SwiftUI.framework; sourceTree = SDKROOT; };
		01EBEF6B2AA4F97B00E75039 /* LatestTime.swift */ = {isa = PBXFileReference; lastKnownFileType = sourcecode.swift; path = LatestTime.swift; sourceTree = "<group>"; };
		01EBEF6D2AA4F98100E75039 /* Assets.xcassets */ = {isa = PBXFileReference; lastKnownFileType = folder.assetcatalog; path = Assets.xcassets; sourceTree = "<group>"; };
		01EBEF6F2AA4F98100E75039 /* Info.plist */ = {isa = PBXFileReference; lastKnownFileType = text.plist.xml; path = Info.plist; sourceTree = "<group>"; };
/* End PBXFileReference section */

/* Begin PBXFrameworksBuildPhase section */
		0101E4852AA499CF00E29120 /* Frameworks */ = {
			isa = PBXFrameworksBuildPhase;
			buildActionMask = 2147483647;
			files = (
			);
			runOnlyForDeploymentPostprocessing = 0;
		};
		0101E48B2AA499CF00E29120 /* Frameworks */ = {
			isa = PBXFrameworksBuildPhase;
			buildActionMask = 2147483647;
			files = (
			);
			runOnlyForDeploymentPostprocessing = 0;
		};
		01EBEF612AA4F97B00E75039 /* Frameworks */ = {
			isa = PBXFrameworksBuildPhase;
			buildActionMask = 2147483647;
			files = (
				01EBEF692AA4F97B00E75039 /* SwiftUI.framework in Frameworks */,
				01EBEF672AA4F97B00E75039 /* WidgetKit.framework in Frameworks */,
			);
			runOnlyForDeploymentPostprocessing = 0;
		};
/* End PBXFrameworksBuildPhase section */

/* Begin PBXGroup section */
		0101E47B2AA499CA00E29120 = {
			isa = PBXGroup;
			children = (
				0101E4802AA499CA00E29120 /* Shared */,
				0101E48F2AA499CF00E29120 /* macOS */,
				01EBEF6A2AA4F97B00E75039 /* LatestTime */,
				01EBEF652AA4F97B00E75039 /* Frameworks */,
				0101E4892AA499CF00E29120 /* Products */,
			);
			sourceTree = "<group>";
		};
		0101E4802AA499CA00E29120 /* Shared */ = {
			isa = PBXGroup;
			children = (
				0101E4812AA499CA00E29120 /* RacetijdenApp.swift */,
				01B5C2702AA524B900FD4EBA /* helpers */,
				019DB7A52AA4AA230059C39A /* views */,
				019DB7A22AA4A8F80059C39A /* components */,
				0101E4832AA499CF00E29120 /* Assets.xcassets */,
			);
			path = Shared;
			sourceTree = "<group>";
		};
		0101E4892AA499CF00E29120 /* Products */ = {
			isa = PBXGroup;
			children = (
				0101E4882AA499CF00E29120 /* Racetijden.app */,
				0101E48E2AA499CF00E29120 /* Racetijden.app */,
				01EBEF642AA4F97B00E75039 /* LatestTimeExtension.appex */,
			);
			name = Products;
			sourceTree = "<group>";
		};
		0101E48F2AA499CF00E29120 /* macOS */ = {
			isa = PBXGroup;
			children = (
				0101E4902AA499CF00E29120 /* macOS.entitlements */,
			);
			path = macOS;
			sourceTree = "<group>";
		};
		019DB7A22AA4A8F80059C39A /* components */ = {
			isa = PBXGroup;
			children = (
				019DB7A32AA4A90E0059C39A /* CircuitItemView.swift */,
			);
			path = components;
			sourceTree = "<group>";
		};
		019DB7A52AA4AA230059C39A /* views */ = {
			isa = PBXGroup;
			children = (
				0101E4822AA499CA00E29120 /* HomeView.swift */,
				0101E49F2AA4A42C00E29120 /* CircuitView.swift */,
			);
			path = views;
			sourceTree = "<group>";
		};
		01B5C2702AA524B900FD4EBA /* helpers */ = {
			isa = PBXGroup;
			children = (
				01B5C2712AA524D400FD4EBA /* api.swift */,
				01B5C2732AA52DBC00FD4EBA /* models.swift */,
			);
			path = helpers;
			sourceTree = "<group>";
		};
		01EBEF652AA4F97B00E75039 /* Frameworks */ = {
			isa = PBXGroup;
			children = (
				01EBEF662AA4F97B00E75039 /* WidgetKit.framework */,
				01EBEF682AA4F97B00E75039 /* SwiftUI.framework */,
			);
			name = Frameworks;
			sourceTree = "<group>";
		};
		01EBEF6A2AA4F97B00E75039 /* LatestTime */ = {
			isa = PBXGroup;
			children = (
				01EBEF6B2AA4F97B00E75039 /* LatestTime.swift */,
				01EBEF6D2AA4F98100E75039 /* Assets.xcassets */,
				01EBEF6F2AA4F98100E75039 /* Info.plist */,
			);
			path = LatestTime;
			sourceTree = "<group>";
		};
/* End PBXGroup section */

/* Begin PBXNativeTarget section */
		0101E4872AA499CF00E29120 /* Racetijden (iOS) */ = {
			isa = PBXNativeTarget;
			buildConfigurationList = 0101E4992AA499CF00E29120 /* Build configuration list for PBXNativeTarget "Racetijden (iOS)" */;
			buildPhases = (
				0101E4842AA499CF00E29120 /* Sources */,
				0101E4852AA499CF00E29120 /* Frameworks */,
				0101E4862AA499CF00E29120 /* Resources */,
				01EBEF732AA4F98100E75039 /* Embed App Extensions */,
			);
			buildRules = (
			);
			dependencies = (
				01EBEF712AA4F98100E75039 /* PBXTargetDependency */,
			);
			name = "Racetijden (iOS)";
			productName = "racetijden-ios (iOS)";
			productReference = 0101E4882AA499CF00E29120 /* Racetijden.app */;
			productType = "com.apple.product-type.application";
		};
		0101E48D2AA499CF00E29120 /* Racetijden (macOS) */ = {
			isa = PBXNativeTarget;
			buildConfigurationList = 0101E49C2AA499CF00E29120 /* Build configuration list for PBXNativeTarget "Racetijden (macOS)" */;
			buildPhases = (
				0101E48A2AA499CF00E29120 /* Sources */,
				0101E48B2AA499CF00E29120 /* Frameworks */,
				0101E48C2AA499CF00E29120 /* Resources */,
			);
			buildRules = (
			);
			dependencies = (
			);
			name = "Racetijden (macOS)";
			productName = "racetijden-ios (macOS)";
			productReference = 0101E48E2AA499CF00E29120 /* Racetijden.app */;
			productType = "com.apple.product-type.application";
		};
		01EBEF632AA4F97B00E75039 /* LatestTimeExtension */ = {
			isa = PBXNativeTarget;
			buildConfigurationList = 01EBEF762AA4F98100E75039 /* Build configuration list for PBXNativeTarget "LatestTimeExtension" */;
			buildPhases = (
				01EBEF602AA4F97B00E75039 /* Sources */,
				01EBEF612AA4F97B00E75039 /* Frameworks */,
				01EBEF622AA4F97B00E75039 /* Resources */,
			);
			buildRules = (
			);
			dependencies = (
			);
			name = LatestTimeExtension;
			productName = LatestTimeExtension;
			productReference = 01EBEF642AA4F97B00E75039 /* LatestTimeExtension.appex */;
			productType = "com.apple.product-type.app-extension";
		};
/* End PBXNativeTarget section */

/* Begin PBXProject section */
		0101E47C2AA499CA00E29120 /* Project object */ = {
			isa = PBXProject;
			attributes = {
				BuildIndependentTargetsInParallel = 1;
				LastSwiftUpdateCheck = 1320;
				LastUpgradeCheck = 1320;
				TargetAttributes = {
					0101E4872AA499CF00E29120 = {
						CreatedOnToolsVersion = 13.2.1;
					};
					0101E48D2AA499CF00E29120 = {
						CreatedOnToolsVersion = 13.2.1;
					};
					01EBEF632AA4F97B00E75039 = {
						CreatedOnToolsVersion = 13.2.1;
					};
				};
			};
			buildConfigurationList = 0101E47F2AA499CA00E29120 /* Build configuration list for PBXProject "Racetijden" */;
			compatibilityVersion = "Xcode 13.0";
			developmentRegion = en;
			hasScannedForEncodings = 0;
			knownRegions = (
				en,
				Base,
			);
			mainGroup = 0101E47B2AA499CA00E29120;
			productRefGroup = 0101E4892AA499CF00E29120 /* Products */;
			projectDirPath = "";
			projectRoot = "";
			targets = (
				0101E4872AA499CF00E29120 /* Racetijden (iOS) */,
				0101E48D2AA499CF00E29120 /* Racetijden (macOS) */,
				01EBEF632AA4F97B00E75039 /* LatestTimeExtension */,
			);
		};
/* End PBXProject section */

/* Begin PBXResourcesBuildPhase section */
		0101E4862AA499CF00E29120 /* Resources */ = {
			isa = PBXResourcesBuildPhase;
			buildActionMask = 2147483647;
			files = (
				0101E4952AA499CF00E29120 /* Assets.xcassets in Resources */,
			);
			runOnlyForDeploymentPostprocessing = 0;
		};
		0101E48C2AA499CF00E29120 /* Resources */ = {
			isa = PBXResourcesBuildPhase;
			buildActionMask = 2147483647;
			files = (
				0101E4962AA499CF00E29120 /* Assets.xcassets in Resources */,
			);
			runOnlyForDeploymentPostprocessing = 0;
		};
		01EBEF622AA4F97B00E75039 /* Resources */ = {
			isa = PBXResourcesBuildPhase;
			buildActionMask = 2147483647;
			files = (
				01EBEF6E2AA4F98100E75039 /* Assets.xcassets in Resources */,
			);
			runOnlyForDeploymentPostprocessing = 0;
		};
/* End PBXResourcesBuildPhase section */

/* Begin PBXSourcesBuildPhase section */
		0101E4842AA499CF00E29120 /* Sources */ = {
			isa = PBXSourcesBuildPhase;
			buildActionMask = 2147483647;
			files = (
				01B5C2722AA524D400FD4EBA /* api.swift in Sources */,
				01B5C2742AA52DBC00FD4EBA /* models.swift in Sources */,
				0101E4A02AA4A42C00E29120 /* CircuitView.swift in Sources */,
				019DB7A42AA4A90E0059C39A /* CircuitItemView.swift in Sources */,
				0101E4932AA499CF00E29120 /* HomeView.swift in Sources */,
				0101E4912AA499CF00E29120 /* RacetijdenApp.swift in Sources */,
			);
			runOnlyForDeploymentPostprocessing = 0;
		};
		0101E48A2AA499CF00E29120 /* Sources */ = {
			isa = PBXSourcesBuildPhase;
			buildActionMask = 2147483647;
			files = (
				0101E4A12AA4A42C00E29120 /* CircuitView.swift in Sources */,
				0101E4942AA499CF00E29120 /* HomeView.swift in Sources */,
				0101E4922AA499CF00E29120 /* RacetijdenApp.swift in Sources */,
			);
			runOnlyForDeploymentPostprocessing = 0;
		};
		01EBEF602AA4F97B00E75039 /* Sources */ = {
			isa = PBXSourcesBuildPhase;
			buildActionMask = 2147483647;
			files = (
				01EBEF6C2AA4F97B00E75039 /* LatestTime.swift in Sources */,
			);
			runOnlyForDeploymentPostprocessing = 0;
		};
/* End PBXSourcesBuildPhase section */

/* Begin PBXTargetDependency section */
		01EBEF712AA4F98100E75039 /* PBXTargetDependency */ = {
			isa = PBXTargetDependency;
			target = 01EBEF632AA4F97B00E75039 /* LatestTimeExtension */;
			targetProxy = 01EBEF702AA4F98100E75039 /* PBXContainerItemProxy */;
		};
/* End PBXTargetDependency section */

/* Begin XCBuildConfiguration section */
		0101E4972AA499CF00E29120 /* Debug */ = {
			isa = XCBuildConfiguration;
			buildSettings = {
				ALWAYS_SEARCH_USER_PATHS = NO;
				CLANG_ANALYZER_NONNULL = YES;
				CLANG_ANALYZER_NUMBER_OBJECT_CONVERSION = YES_AGGRESSIVE;
				CLANG_CXX_LANGUAGE_STANDARD = "gnu++17";
				CLANG_CXX_LIBRARY = "libc++";
				CLANG_ENABLE_MODULES = YES;
				CLANG_ENABLE_OBJC_ARC = YES;
				CLANG_ENABLE_OBJC_WEAK = YES;
				CLANG_WARN_BLOCK_CAPTURE_AUTORELEASING = YES;
				CLANG_WARN_BOOL_CONVERSION = YES;
				CLANG_WARN_COMMA = YES;
				CLANG_WARN_CONSTANT_CONVERSION = YES;
				CLANG_WARN_DEPRECATED_OBJC_IMPLEMENTATIONS = YES;
				CLANG_WARN_DIRECT_OBJC_ISA_USAGE = YES_ERROR;
				CLANG_WARN_DOCUMENTATION_COMMENTS = YES;
				CLANG_WARN_EMPTY_BODY = YES;
				CLANG_WARN_ENUM_CONVERSION = YES;
				CLANG_WARN_INFINITE_RECURSION = YES;
				CLANG_WARN_INT_CONVERSION = YES;
				CLANG_WARN_NON_LITERAL_NULL_CONVERSION = YES;
				CLANG_WARN_OBJC_IMPLICIT_RETAIN_SELF = YES;
				CLANG_WARN_OBJC_LITERAL_CONVERSION = YES;
				CLANG_WARN_OBJC_ROOT_CLASS = YES_ERROR;
				CLANG_WARN_QUOTED_INCLUDE_IN_FRAMEWORK_HEADER = YES;
				CLANG_WARN_RANGE_LOOP_ANALYSIS = YES;
				CLANG_WARN_STRICT_PROTOTYPES = YES;
				CLANG_WARN_SUSPICIOUS_MOVE = YES;
				CLANG_WARN_UNGUARDED_AVAILABILITY = YES_AGGRESSIVE;
				CLANG_WARN_UNREACHABLE_CODE = YES;
				CLANG_WARN__DUPLICATE_METHOD_MATCH = YES;
				COPY_PHASE_STRIP = NO;
				DEBUG_INFORMATION_FORMAT = dwarf;
				ENABLE_STRICT_OBJC_MSGSEND = YES;
				ENABLE_TESTABILITY = YES;
				GCC_C_LANGUAGE_STANDARD = gnu11;
				GCC_DYNAMIC_NO_PIC = NO;
				GCC_NO_COMMON_BLOCKS = YES;
				GCC_OPTIMIZATION_LEVEL = 0;
				GCC_PREPROCESSOR_DEFINITIONS = (
					"DEBUG=1",
					"$(inherited)",
				);
				GCC_WARN_64_TO_32_BIT_CONVERSION = YES;
				GCC_WARN_ABOUT_RETURN_TYPE = YES_ERROR;
				GCC_WARN_UNDECLARED_SELECTOR = YES;
				GCC_WARN_UNINITIALIZED_AUTOS = YES_AGGRESSIVE;
				GCC_WARN_UNUSED_FUNCTION = YES;
				GCC_WARN_UNUSED_VARIABLE = YES;
				MTL_ENABLE_DEBUG_INFO = INCLUDE_SOURCE;
				MTL_FAST_MATH = YES;
				ONLY_ACTIVE_ARCH = YES;
				PRODUCT_NAME = Racetijden;
				SWIFT_ACTIVE_COMPILATION_CONDITIONS = DEBUG;
				SWIFT_OPTIMIZATION_LEVEL = "-Onone";
			};
			name = Debug;
		};
		0101E4982AA499CF00E29120 /* Release */ = {
			isa = XCBuildConfiguration;
			buildSettings = {
				ALWAYS_SEARCH_USER_PATHS = NO;
				CLANG_ANALYZER_NONNULL = YES;
				CLANG_ANALYZER_NUMBER_OBJECT_CONVERSION = YES_AGGRESSIVE;
				CLANG_CXX_LANGUAGE_STANDARD = "gnu++17";
				CLANG_CXX_LIBRARY = "libc++";
				CLANG_ENABLE_MODULES = YES;
				CLANG_ENABLE_OBJC_ARC = YES;
				CLANG_ENABLE_OBJC_WEAK = YES;
				CLANG_WARN_BLOCK_CAPTURE_AUTORELEASING = YES;
				CLANG_WARN_BOOL_CONVERSION = YES;
				CLANG_WARN_COMMA = YES;
				CLANG_WARN_CONSTANT_CONVERSION = YES;
				CLANG_WARN_DEPRECATED_OBJC_IMPLEMENTATIONS = YES;
				CLANG_WARN_DIRECT_OBJC_ISA_USAGE = YES_ERROR;
				CLANG_WARN_DOCUMENTATION_COMMENTS = YES;
				CLANG_WARN_EMPTY_BODY = YES;
				CLANG_WARN_ENUM_CONVERSION = YES;
				CLANG_WARN_INFINITE_RECURSION = YES;
				CLANG_WARN_INT_CONVERSION = YES;
				CLANG_WARN_NON_LITERAL_NULL_CONVERSION = YES;
				CLANG_WARN_OBJC_IMPLICIT_RETAIN_SELF = YES;
				CLANG_WARN_OBJC_LITERAL_CONVERSION = YES;
				CLANG_WARN_OBJC_ROOT_CLASS = YES_ERROR;
				CLANG_WARN_QUOTED_INCLUDE_IN_FRAMEWORK_HEADER = YES;
				CLANG_WARN_RANGE_LOOP_ANALYSIS = YES;
				CLANG_WARN_STRICT_PROTOTYPES = YES;
				CLANG_WARN_SUSPICIOUS_MOVE = YES;
				CLANG_WARN_UNGUARDED_AVAILABILITY = YES_AGGRESSIVE;
				CLANG_WARN_UNREACHABLE_CODE = YES;
				CLANG_WARN__DUPLICATE_METHOD_MATCH = YES;
				COPY_PHASE_STRIP = NO;
				DEBUG_INFORMATION_FORMAT = "dwarf-with-dsym";
				ENABLE_NS_ASSERTIONS = NO;
				ENABLE_STRICT_OBJC_MSGSEND = YES;
				GCC_C_LANGUAGE_STANDARD = gnu11;
				GCC_NO_COMMON_BLOCKS = YES;
				GCC_WARN_64_TO_32_BIT_CONVERSION = YES;
				GCC_WARN_ABOUT_RETURN_TYPE = YES_ERROR;
				GCC_WARN_UNDECLARED_SELECTOR = YES;
				GCC_WARN_UNINITIALIZED_AUTOS = YES_AGGRESSIVE;
				GCC_WARN_UNUSED_FUNCTION = YES;
				GCC_WARN_UNUSED_VARIABLE = YES;
				MTL_ENABLE_DEBUG_INFO = NO;
				MTL_FAST_MATH = YES;
				PRODUCT_NAME = Racetijden;
				SWIFT_COMPILATION_MODE = wholemodule;
				SWIFT_OPTIMIZATION_LEVEL = "-O";
			};
			name = Release;
		};
		0101E49A2AA499CF00E29120 /* Debug */ = {
			isa = XCBuildConfiguration;
			buildSettings = {
				ALWAYS_EMBED_SWIFT_STANDARD_LIBRARIES = YES;
				ASSETCATALOG_COMPILER_APPICON_NAME = AppIcon;
				ASSETCATALOG_COMPILER_GLOBAL_ACCENT_COLOR_NAME = AccentColor;
				CODE_SIGN_STYLE = Automatic;
				CURRENT_PROJECT_VERSION = 1;
				DEVELOPMENT_TEAM = TZ6333E53V;
				ENABLE_PREVIEWS = YES;
				GENERATE_INFOPLIST_FILE = YES;
				INFOPLIST_KEY_UIApplicationSceneManifest_Generation = YES;
				INFOPLIST_KEY_UIApplicationSupportsIndirectInputEvents = YES;
				INFOPLIST_KEY_UILaunchScreen_Generation = YES;
				INFOPLIST_KEY_UISupportedInterfaceOrientations_iPad = "UIInterfaceOrientationPortrait UIInterfaceOrientationPortraitUpsideDown UIInterfaceOrientationLandscapeLeft UIInterfaceOrientationLandscapeRight";
				INFOPLIST_KEY_UISupportedInterfaceOrientations_iPhone = "UIInterfaceOrientationPortrait UIInterfaceOrientationLandscapeLeft UIInterfaceOrientationLandscapeRight";
				IPHONEOS_DEPLOYMENT_TARGET = 14.0;
				LD_RUNPATH_SEARCH_PATHS = (
					"$(inherited)",
					"@executable_path/Frameworks",
				);
				MARKETING_VERSION = 1.0;
				PRODUCT_BUNDLE_IDENTIFIER = nl.racetijden.racetijden;
				PRODUCT_NAME = Racetijden;
				SDKROOT = iphoneos;
				SWIFT_EMIT_LOC_STRINGS = YES;
				SWIFT_VERSION = 5.0;
				TARGETED_DEVICE_FAMILY = "1,2";
			};
			name = Debug;
		};
		0101E49B2AA499CF00E29120 /* Release */ = {
			isa = XCBuildConfiguration;
			buildSettings = {
				ALWAYS_EMBED_SWIFT_STANDARD_LIBRARIES = YES;
				ASSETCATALOG_COMPILER_APPICON_NAME = AppIcon;
				ASSETCATALOG_COMPILER_GLOBAL_ACCENT_COLOR_NAME = AccentColor;
				CODE_SIGN_STYLE = Automatic;
				CURRENT_PROJECT_VERSION = 1;
				DEVELOPMENT_TEAM = TZ6333E53V;
				ENABLE_PREVIEWS = YES;
				GENERATE_INFOPLIST_FILE = YES;
				INFOPLIST_KEY_UIApplicationSceneManifest_Generation = YES;
				INFOPLIST_KEY_UIApplicationSupportsIndirectInputEvents = YES;
				INFOPLIST_KEY_UILaunchScreen_Generation = YES;
				INFOPLIST_KEY_UISupportedInterfaceOrientations_iPad = "UIInterfaceOrientationPortrait UIInterfaceOrientationPortraitUpsideDown UIInterfaceOrientationLandscapeLeft UIInterfaceOrientationLandscapeRight";
				INFOPLIST_KEY_UISupportedInterfaceOrientations_iPhone = "UIInterfaceOrientationPortrait UIInterfaceOrientationLandscapeLeft UIInterfaceOrientationLandscapeRight";
				IPHONEOS_DEPLOYMENT_TARGET = 14.0;
				LD_RUNPATH_SEARCH_PATHS = (
					"$(inherited)",
					"@executable_path/Frameworks",
				);
				MARKETING_VERSION = 1.0;
				PRODUCT_BUNDLE_IDENTIFIER = nl.racetijden.racetijden;
				PRODUCT_NAME = Racetijden;
				SDKROOT = iphoneos;
				SWIFT_EMIT_LOC_STRINGS = YES;
				SWIFT_VERSION = 5.0;
				TARGETED_DEVICE_FAMILY = "1,2";
				VALIDATE_PRODUCT = YES;
			};
			name = Release;
		};
		0101E49D2AA499CF00E29120 /* Debug */ = {
			isa = XCBuildConfiguration;
			buildSettings = {
				ASSETCATALOG_COMPILER_APPICON_NAME = AppIcon;
				ASSETCATALOG_COMPILER_GLOBAL_ACCENT_COLOR_NAME = AccentColor;
				CODE_SIGN_ENTITLEMENTS = macOS/macOS.entitlements;
				CODE_SIGN_STYLE = Automatic;
				COMBINE_HIDPI_IMAGES = YES;
				CURRENT_PROJECT_VERSION = 1;
				DEVELOPMENT_TEAM = TZ6333E53V;
				ENABLE_HARDENED_RUNTIME = YES;
				ENABLE_PREVIEWS = YES;
				GENERATE_INFOPLIST_FILE = YES;
				INFOPLIST_KEY_NSHumanReadableCopyright = "";
				LD_RUNPATH_SEARCH_PATHS = (
					"$(inherited)",
					"@executable_path/../Frameworks",
				);
				MACOSX_DEPLOYMENT_TARGET = 11.7;
				MARKETING_VERSION = 1.0;
				PRODUCT_BUNDLE_IDENTIFIER = "nl.racetijden.racetijden-ios";
				PRODUCT_NAME = Racetijden;
				SDKROOT = macosx;
				SWIFT_EMIT_LOC_STRINGS = YES;
				SWIFT_VERSION = 5.0;
			};
			name = Debug;
		};
		0101E49E2AA499CF00E29120 /* Release */ = {
			isa = XCBuildConfiguration;
			buildSettings = {
				ASSETCATALOG_COMPILER_APPICON_NAME = AppIcon;
				ASSETCATALOG_COMPILER_GLOBAL_ACCENT_COLOR_NAME = AccentColor;
				CODE_SIGN_ENTITLEMENTS = macOS/macOS.entitlements;
				CODE_SIGN_STYLE = Automatic;
				COMBINE_HIDPI_IMAGES = YES;
				CURRENT_PROJECT_VERSION = 1;
				DEVELOPMENT_TEAM = TZ6333E53V;
				ENABLE_HARDENED_RUNTIME = YES;
				ENABLE_PREVIEWS = YES;
				GENERATE_INFOPLIST_FILE = YES;
				INFOPLIST_KEY_NSHumanReadableCopyright = "";
				LD_RUNPATH_SEARCH_PATHS = (
					"$(inherited)",
					"@executable_path/../Frameworks",
				);
				MACOSX_DEPLOYMENT_TARGET = 11.7;
				MARKETING_VERSION = 1.0;
				PRODUCT_BUNDLE_IDENTIFIER = "nl.racetijden.racetijden-ios";
				PRODUCT_NAME = Racetijden;
				SDKROOT = macosx;
				SWIFT_EMIT_LOC_STRINGS = YES;
				SWIFT_VERSION = 5.0;
			};
			name = Release;
		};
		01EBEF742AA4F98100E75039 /* Debug */ = {
			isa = XCBuildConfiguration;
			buildSettings = {
				ASSETCATALOG_COMPILER_GLOBAL_ACCENT_COLOR_NAME = AccentColor;
				ASSETCATALOG_COMPILER_WIDGET_BACKGROUND_COLOR_NAME = WidgetBackground;
				CODE_SIGN_STYLE = Automatic;
				CURRENT_PROJECT_VERSION = 1;
				DEVELOPMENT_TEAM = TZ6333E53V;
				GENERATE_INFOPLIST_FILE = YES;
				INFOPLIST_FILE = LatestTime/Info.plist;
				INFOPLIST_KEY_CFBundleDisplayName = LatestTime;
				INFOPLIST_KEY_NSHumanReadableCopyright = "";
				IPHONEOS_DEPLOYMENT_TARGET = 15.2;
				LD_RUNPATH_SEARCH_PATHS = (
					"$(inherited)",
					"@executable_path/Frameworks",
					"@executable_path/../../Frameworks",
				);
				MARKETING_VERSION = 1.0;
				PRODUCT_BUNDLE_IDENTIFIER = nl.racetijden.racetijden.LatestTime;
				PRODUCT_NAME = "$(TARGET_NAME)";
				SDKROOT = iphoneos;
				SKIP_INSTALL = YES;
				SWIFT_EMIT_LOC_STRINGS = YES;
				SWIFT_VERSION = 5.0;
				TARGETED_DEVICE_FAMILY = "1,2";
			};
			name = Debug;
		};
		01EBEF752AA4F98100E75039 /* Release */ = {
			isa = XCBuildConfiguration;
			buildSettings = {
				ASSETCATALOG_COMPILER_GLOBAL_ACCENT_COLOR_NAME = AccentColor;
				ASSETCATALOG_COMPILER_WIDGET_BACKGROUND_COLOR_NAME = WidgetBackground;
				CODE_SIGN_STYLE = Automatic;
				CURRENT_PROJECT_VERSION = 1;
				DEVELOPMENT_TEAM = TZ6333E53V;
				GENERATE_INFOPLIST_FILE = YES;
				INFOPLIST_FILE = LatestTime/Info.plist;
				INFOPLIST_KEY_CFBundleDisplayName = LatestTime;
				INFOPLIST_KEY_NSHumanReadableCopyright = "";
				IPHONEOS_DEPLOYMENT_TARGET = 15.2;
				LD_RUNPATH_SEARCH_PATHS = (
					"$(inherited)",
					"@executable_path/Frameworks",
					"@executable_path/../../Frameworks",
				);
				MARKETING_VERSION = 1.0;
				PRODUCT_BUNDLE_IDENTIFIER = nl.racetijden.racetijden.LatestTime;
				PRODUCT_NAME = "$(TARGET_NAME)";
				SDKROOT = iphoneos;
				SKIP_INSTALL = YES;
				SWIFT_EMIT_LOC_STRINGS = YES;
				SWIFT_VERSION = 5.0;
				TARGETED_DEVICE_FAMILY = "1,2";
				VALIDATE_PRODUCT = YES;
			};
			name = Release;
		};
/* End XCBuildConfiguration section */

/* Begin XCConfigurationList section */
		0101E47F2AA499CA00E29120 /* Build configuration list for PBXProject "Racetijden" */ = {
			isa = XCConfigurationList;
			buildConfigurations = (
				0101E4972AA499CF00E29120 /* Debug */,
				0101E4982AA499CF00E29120 /* Release */,
			);
			defaultConfigurationIsVisible = 0;
			defaultConfigurationName = Release;
		};
		0101E4992AA499CF00E29120 /* Build configuration list for PBXNativeTarget "Racetijden (iOS)" */ = {
			isa = XCConfigurationList;
			buildConfigurations = (
				0101E49A2AA499CF00E29120 /* Debug */,
				0101E49B2AA499CF00E29120 /* Release */,
			);
			defaultConfigurationIsVisible = 0;
			defaultConfigurationName = Release;
		};
		0101E49C2AA499CF00E29120 /* Build configuration list for PBXNativeTarget "Racetijden (macOS)" */ = {
			isa = XCConfigurationList;
			buildConfigurations = (
				0101E49D2AA499CF00E29120 /* Debug */,
				0101E49E2AA499CF00E29120 /* Release */,
			);
			defaultConfigurationIsVisible = 0;
			defaultConfigurationName = Release;
		};
		01EBEF762AA4F98100E75039 /* Build configuration list for PBXNativeTarget "LatestTimeExtension" */ = {
			isa = XCConfigurationList;
			buildConfigurations = (
				01EBEF742AA4F98100E75039 /* Debug */,
				01EBEF752AA4F98100E75039 /* Release */,
			);
			defaultConfigurationIsVisible = 0;
			defaultConfigurationName = Release;
		};
/* End XCConfigurationList section */
	};
	rootObject = 0101E47C2AA499CA00E29120 /* Project object */;
}
